
Microsoft Visual Studio Solution File, Format Version 12.00
# Visual Studio Version 16
VisualStudioVersion = 16.0.30503.244
MinimumVisualStudioVersion = 10.0.40219.1
Project("{9A19103F-16F7-4668-BE54-9A1E7A4F7556}") = "ApiSample", "ApiSample\ApiSample.csproj", "{7C364569-64F0-4DD5-AA86-C66880E56998}"
EndProject
Project("{FAE04EC0-301F-11D3-BF4B-00C04F79EFBC}") = "ApiNewSample", "ApiNewSample\ApiNewSample.csproj", "{87DE7A89-2885-40A5-9F71-6B9529F2E4F4}"
EndProject
Global
	GlobalSection(SolutionConfigurationPlatforms) = preSolution
		Debug|Any CPU = Debug|Any CPU
		Release|Any CPU = Release|Any CPU
	EndGlobalSection
	GlobalSection(ProjectConfigurationPlatforms) = postSolution
		{7C364569-64F0-4DD5-AA86-C66880E56998}.Debug|Any CPU.ActiveCfg = Debug|Any CPU
		{7C364569-64F0-4DD5-AA86-C66880E56998}.Debug|Any CPU.Build.0 = Debug|Any CPU
		{7C364569-64F0-4DD5-AA86-C66880E56998}.Release|Any CPU.ActiveCfg = Release|Any CPU
		{7C364569-64F0-4DD5-AA86-C66880E56998}.Release|Any CPU.Build.0 = Release|Any CPU
		{87DE7A89-2885-40A5-9F71-6B9529F2E4F4}.Debug|Any CPU.ActiveCfg = Debug|Any CPU
		{87DE7A89-2885-40A5-9F71-6B9529F2E4F4}.Debug|Any CPU.Build.0 = Debug|Any CPU
		{87DE7A89-2885-40A5-9F71-6B9529F2E4F4}.Release|Any CPU.ActiveCfg = Release|Any CPU
		{87DE7A89-2885-40A5-9F71-6B9529F2E4F4}.Release|Any CPU.Build.0 = Release|Any CPU
	EndGlobalSection
	GlobalSection(SolutionProperties) = preSolution
		HideSolutionNode = FALSE
	EndGlobalSection
	GlobalSection(ExtensibilityGlobals) = postSolution
		SolutionGuid = {9815C510-0C80-473D-BE09-D889CE469CF8}
	EndGlobalSection
EndGlobal
